{
  "version": 4,
  "terraform_version": "1.10.4",
  "serial": 32,
  "lineage": "eb7d819a-1fe2-42a0-35a2-98cdbd6f6afb",
  "outputs": {
    "public_ip": {
      "value": "52.53.127.44",
      "type": "string"
    }
  },
  "resources": [
    {
      "mode": "data",
      "type": "aws_availability_zones",
      "name": "avialable",
      "provider": "provider[\"registry.terraform.io/hashicorp/aws\"]",
      "instances": [
        {
          "schema_version": 0,
          "attributes": {
            "all_availability_zones": null,
            "exclude_names": null,
            "exclude_zone_ids": null,
            "filter": null,
            "group_names": [
              "us-west-1"
            ],
            "id": "us-west-1",
            "names": [
              "us-west-1b",
              "us-west-1c"
            ],
            "state": null,
            "timeouts": null,
            "zone_ids": [
              "usw1-az3",
              "usw1-az1"
            ]
          },
          "sensitive_attributes": []
        }
      ]
    },
    {
      "mode": "data",
      "type": "aws_ip_ranges",
      "name": "us-east-ip-range",
      "provider": "provider[\"registry.terraform.io/hashicorp/aws\"]",
      "instances": [
        {
          "schema_version": 0,
          "attributes": {
            "cidr_blocks": [
              "100.20.0.0/14",
              "13.52.0.0/16",
              "13.56.0.0/16",
              "13.57.0.0/16",
              "139.56.16.0/23",
              "139.56.32.0/23",
              "15.177.80.0/24",
              "15.177.81.0/24",
              "15.181.0.0/20",
              "15.181.116.0/22",
              "15.181.128.0/20",
              "15.181.16.0/20",
              "15.181.245.0/24",
              "15.181.248.0/24",
              "15.181.250.0/24",
              "15.181.251.0/24",
              "15.181.252.0/24",
              "15.181.253.0/24",
              "15.181.64.0/20",
              "15.193.7.0/24",
              "15.220.0.0/20",
              "15.220.16.0/20",
              "15.220.200.0/23",
              "15.220.202.0/23",
              "15.220.204.0/24",
              "15.220.205.0/24",
              "15.220.206.0/24",
              "15.220.207.0/24",
              "15.220.208.128/26",
              "15.220.224.0/23",
              "15.220.226.0/24",
              "15.220.252.0/22",
              "15.220.32.0/21",
              "15.220.40.0/22",
              "15.253.0.0/16",
              "15.254.0.0/16",
              "151.148.33.0/24",
              "155.146.112.0/20",
              "155.146.128.0/20",
              "155.146.144.0/20",
              "155.146.16.0/20",
              "155.146.160.0/20",
              "16.15.0.0/21",
              "161.188.32.0/20",
              "162.222.148.0/22",
              "168.185.4.0/24",
              "173.83.204.0/23",
              "173.83.209.0/24",
              "18.144.0.0/15",
              "18.236.0.0/15",
              "18.246.0.0/16",
              "18.34.244.0/22",
              "18.34.48.0/20",
              "18.88.128.0/18",
              "18.96.128.0/19",
              "18.98.0.0/18",
              "184.169.128.0/17",
              "184.72.0.0/18",
              "192.157.36.0/24",
              "192.31.212.0/24",
              "204.236.128.0/18",
              "208.78.128.0/23",
              "208.78.134.0/24",
              "216.182.236.0/23",
              "3.101.0.0/16",
              "3.4.3.0/24",
              "3.4.4.0/24",
              "3.4.6.0/24",
              "3.5.160.0/22",
              "3.5.76.0/22",
              "3.5.80.0/21",
              "34.208.0.0/12",
              "35.155.0.0/16",
              "35.160.0.0/13",
              "35.50.128.0/24",
              "35.50.129.0/24",
              "35.50.130.0/24",
              "35.50.131.0/24",
              "35.50.132.0/24",
              "35.50.133.0/24",
              "35.50.134.0/24",
              "35.71.117.0/24",
              "35.71.64.0/22",
              "35.80.0.0/12",
              "35.96.0.0/24",
              "35.96.1.0/24",
              "35.96.10.0/24",
              "35.96.11.0/24",
              "35.96.13.0/24",
              "35.96.14.0/24",
              "35.96.15.0/24",
              "35.96.16.0/20",
              "35.96.2.0/24",
              "35.96.240.0/24",
              "35.96.241.0/24",
              "35.96.3.0/24",
              "35.96.4.0/24",
              "35.96.6.0/24",
              "35.96.7.0/24",
              "35.96.8.0/24",
              "35.96.9.0/24",
              "44.224.0.0/11",
              "5.60.156.0/22",
              "5.60.164.0/22",
              "5.60.172.0/22",
              "5.60.180.0/22",
              "5.60.188.0/22",
              "5.60.196.0/22",
              "5.60.200.0/22",
              "50.112.0.0/16",
              "50.18.0.0/16",
              "52.10.0.0/15",
              "52.12.0.0/15",
              "52.129.224.0/22",
              "52.24.0.0/14",
              "52.32.0.0/14",
              "52.36.0.0/14",
              "52.40.0.0/14",
              "52.46.180.0/22",
              "52.52.0.0/15",
              "52.75.0.0/16",
              "52.8.0.0/16",
              "52.88.0.0/15",
              "52.9.0.0/16",
              "52.94.116.0/22",
              "52.94.144.0/23",
              "52.94.248.128/28",
              "52.94.248.96/28",
              "52.94.249.64/28",
              "52.94.249.80/28",
              "52.95.230.0/24",
              "52.95.246.0/24",
              "52.95.247.0/24",
              "52.95.255.112/28",
              "52.95.255.96/28",
              "54.148.0.0/15",
              "54.151.0.0/17",
              "54.153.0.0/17",
              "54.176.0.0/15",
              "54.183.0.0/16",
              "54.184.0.0/13",
              "54.193.0.0/16",
              "54.200.0.0/15",
              "54.202.0.0/15",
              "54.212.0.0/15",
              "54.214.0.0/16",
              "54.215.0.0/16",
              "54.218.0.0/16",
              "54.219.0.0/16",
              "54.241.0.0/16",
              "54.244.0.0/16",
              "54.245.0.0/16",
              "54.67.0.0/16",
              "54.68.0.0/14",
              "64.252.118.0/24",
              "64.252.119.0/24",
              "64.252.120.0/24",
              "64.252.121.0/24",
              "64.252.122.0/24",
              "64.252.123.0/24",
              "64.252.65.0/24",
              "64.252.70.0/24",
              "64.252.71.0/24",
              "64.252.72.0/24",
              "64.252.73.0/24",
              "70.224.192.0/18",
              "96.0.110.0/23",
              "96.0.160.0/20",
              "99.150.56.0/21",
              "99.151.120.0/21",
              "99.151.186.0/23",
              "99.77.130.0/24",
              "99.77.132.0/24",
              "99.77.152.0/24",
              "99.77.154.0/24",
              "99.77.186.0/24",
              "99.77.232.0/24",
              "99.77.251.0/24",
              "99.77.253.0/24"
            ],
            "create_date": "2025-01-16-09-53-09",
            "id": "1737021189",
            "ipv6_cidr_blocks": [
              "2600:1f00:4000::/40",
              "2600:1f00:c000::/40",
              "2600:1f12:8000::/36",
              "2600:1f13::/36",
              "2600:1f14:8000::/36",
              "2600:1f14::/34",
              "2600:1f1b:8000::/36",
              "2600:1f1c:4000::/36",
              "2600:1f1c::/36",
              "2600:1f1d:8000::/36",
              "2600:1f1e:8000::/36",
              "2600:1f1f::/36",
              "2600:1f22:8000::/36",
              "2600:1f23::/36",
              "2600:1f24:8000::/36",
              "2600:1f24::/36",
              "2600:1f2b:8000::/36",
              "2600:1f2c:4000::/36",
              "2600:1f2c::/36",
              "2600:1f2d:8000::/36",
              "2600:1f2e:8000::/36",
              "2600:1f32:4000::/39",
              "2600:1f32:c000::/40",
              "2600:1f36:4000::/39",
              "2600:1f36:c000::/40",
              "2600:1f38:4000::/39",
              "2600:1f38:c000::/40",
              "2600:1f60:4000::/39",
              "2600:1f60:c000::/40",
              "2600:1f61:4000::/39",
              "2600:1f61:c000::/40",
              "2600:1f68:4000::/39",
              "2600:1f68:c000::/40",
              "2600:1f69:4000::/39",
              "2600:1f69:c000::/40",
              "2600:1f70:4000::/39",
              "2600:1f70:c000::/40",
              "2600:1fb8:4000::/39",
              "2600:1fb8:c000::/40",
              "2600:1ff0:4000::/39",
              "2600:1ff0:c000::/40",
              "2600:1ff1:4000::/39",
              "2600:1ff1:c000::/40",
              "2600:1ff2:4000::/39",
              "2600:1ff2:c000::/40",
              "2600:1ff4:4000::/39",
              "2600:1ff4:c000::/40",
              "2600:1ff5:4000::/39",
              "2600:1ff5:c000::/40",
              "2600:1ff6:4000::/39",
              "2600:1ff6:c000::/40",
              "2600:1ff7:4020::/46",
              "2600:1ff7:4040::/46",
              "2600:1ff7:4080::/46",
              "2600:1ff7:40c0::/46",
              "2600:1ff7:c000::/40",
              "2600:1ffb:4020::/46",
              "2600:1ffb:4040::/48",
              "2600:1ffb:4041::/48",
              "2600:1ffb:4080::/46",
              "2600:1ffb:40c0::/46",
              "2600:1ffb:c000::/40",
              "2600:1ffd:8508::/48",
              "2600:1fff:3000::/40",
              "2600:1fff:4000::/39",
              "2600:1fff:c000::/40",
              "2600:9000:5202::/48",
              "2600:9000:5204::/48",
              "2600:9000:5211::/48",
              "2600:9000:5212::/48",
              "2600:f000:8000::/39",
              "2600:f00c:8000::/39",
              "2600:f0f0:0:300::/56",
              "2600:f0f0:1:2100::/56",
              "2600:f0f0:1:2200::/56",
              "2600:f0f0:1:a00::/56",
              "2600:f0f0:1:fe00::/56",
              "2600:f0f0:1:ff00::/56",
              "2600:f0f0:300:100::/56",
              "2600:f0f0:30e::/48",
              "2600:f0f0:4000::/48",
              "2600:f0f0:5500::/48",
              "2600:f0f0:5502::/48",
              "2600:f0f0:5510::/48",
              "2600:f0f0:5511::/48",
              "2600:f0f0:5512::/48",
              "2600:f0f0:5513::/48",
              "2600:f0f0:5514::/48",
              "2600:f0f0:5515::/48",
              "2600:f0f0:5516::/48",
              "2600:f0f0:5517::/48",
              "2600:f0f0:85::/48",
              "2600:f0f0:8::/48",
              "2600:f0fb:8000::/40",
              "2600:f0fb:e200::/40",
              "2600:f0fb:e400::/40",
              "2600:f0fb:e700::/40",
              "2600:f0fb:ed00::/40",
              "2600:f0fb:ee00::/40",
              "2600:f0fb:ef00::/40",
              "2605:b140:1000::/48",
              "2606:7b40:1000:2000::/56",
              "2606:7b40:1000:2100::/56",
              "2606:7b40:1000:2270::/60",
              "2606:7b40:1000:3000::/56",
              "2606:7b40:1000:7000::/56",
              "2606:7b40:1000:7200::/60",
              "2606:7b40:1000:7210::/60",
              "2606:7b40:1000:7220::/60",
              "2606:7b40:1000:7240::/60",
              "2606:7b40:1000:7270::/60",
              "2606:7b40:1000:7280::/60",
              "2606:7b40:1000:72e0::/60",
              "2606:7b40:1000:8000::/56",
              "2606:7b40:1042:3200::/60",
              "2606:7b40:1042::/56",
              "2606:7b40:10f8::/46",
              "2606:7b40:10ff:7000::/56",
              "2606:7b40:10ff:7270::/60",
              "2606:7b40:10ff:8000::/56",
              "2606:7b40:10ff:9000::/56",
              "2606:7b40:10ff:a000::/56",
              "2606:7b40:10ff:a200::/60",
              "2606:7b40:10ff:a210::/60",
              "2606:7b40:10ff:a220::/60",
              "2606:7b40:10ff:a230::/60",
              "2606:7b40:10ff:a240::/60",
              "2606:7b40:10ff:a250::/60",
              "2606:7b40:10ff:a270::/60",
              "2606:7b40:10ff:a280::/60",
              "2606:7b40:10ff:a290::/60",
              "2606:7b40:10ff:a2e0::/60",
              "2606:7b40:10ff:b000::/56",
              "2606:7b40:10ff:c000::/56",
              "2606:7b40:10ff:d000::/56",
              "2606:7b40:10ff:d200::/60",
              "2606:7b40:10ff:d210::/60",
              "2606:7b40:10ff:d220::/60",
              "2606:7b40:10ff:d230::/60",
              "2606:7b40:10ff:d240::/60",
              "2606:7b40:10ff:d250::/60",
              "2606:7b40:10ff:d270::/60",
              "2606:7b40:10ff:d280::/60",
              "2606:7b40:10ff:d290::/60",
              "2606:7b40:10ff:d2d0::/60",
              "2606:7b40:10ff:d2f0::/60",
              "2606:7b40:10ff:e000::/56",
              "2606:7b40:10ff:e270::/60",
              "2606:7b40:10ff:f000::/56",
              "2606:7b40:10ff:f270::/60",
              "2606:7b40:10ff:ff00::/56",
              "2606:7b40:1800::/48",
              "2606:7b40:1b00:700::/56",
              "2606:7b40:1b0f:c000::/56",
              "2606:7b40:1b0f:ef00::/56",
              "2606:7b40:1b0f:f000::/56",
              "2606:7b40:1b0f:f100::/56",
              "2606:7b40:1b0f:f200::/56",
              "2606:7b40:1b0f:f300::/56",
              "2606:7b40:1b0f:f400::/56",
              "2606:7b40:1b0f:f900::/56",
              "2606:7b40:1b0f:fa00::/56",
              "2606:7b40:1b0f:fd00::/56",
              "2606:f40:400::/39",
              "2606:f40:8400::/39",
              "2606:f40:fffd::/48",
              "2606:f40:ffff::/48",
              "2620:107:300f::/48",
              "2620:107:4004::/48",
              "2620:107:4005::/48",
              "2620:108:700f::/64"
            ],
            "regions": [
              "us-west-1",
              "us-west-2"
            ],
            "services": [
              "ec2"
            ],
            "sync_token": 1737021189,
            "url": "https://ip-ranges.amazonaws.com/ip-ranges.json"
          },
          "sensitive_attributes": []
        }
      ]
    },
    {
      "mode": "managed",
      "type": "aws_instance",
      "name": "Instance",
      "provider": "provider[\"registry.terraform.io/hashicorp/aws\"]",
      "instances": [
        {
          "schema_version": 1,
          "attributes": {
            "ami": "ami-004374a3d56f732a6",
            "arn": "arn:aws:ec2:us-west-1:187406554734:instance/i-030a6cc527b487935",
            "associate_public_ip_address": true,
            "availability_zone": "us-west-1c",
            "capacity_reservation_specification": [
              {
                "capacity_reservation_preference": "open",
                "capacity_reservation_target": []
              }
            ],
            "cpu_core_count": 1,
            "cpu_options": [
              {
                "amd_sev_snp": "",
                "core_count": 1,
                "threads_per_core": 1
              }
            ],
            "cpu_threads_per_core": 1,
            "credit_specification": [
              {
                "cpu_credits": "standard"
              }
            ],
            "disable_api_stop": false,
            "disable_api_termination": false,
            "ebs_block_device": [],
            "ebs_optimized": false,
            "enclave_options": [
              {
                "enabled": false
              }
            ],
            "ephemeral_block_device": [],
            "get_password_data": false,
            "hibernation": false,
            "host_id": "",
            "host_resource_group_arn": null,
            "iam_instance_profile": "",
            "id": "i-030a6cc527b487935",
            "instance_initiated_shutdown_behavior": "stop",
            "instance_lifecycle": "",
            "instance_market_options": [],
            "instance_state": "running",
            "instance_type": "t2.micro",
            "ipv6_address_count": 0,
            "ipv6_addresses": [],
            "key_name": "",
            "launch_template": [],
            "maintenance_options": [
              {
                "auto_recovery": "default"
              }
            ],
            "metadata_options": [
              {
                "http_endpoint": "enabled",
                "http_protocol_ipv6": "disabled",
                "http_put_response_hop_limit": 2,
                "http_tokens": "required",
                "instance_metadata_tags": "disabled"
              }
            ],
            "monitoring": false,
            "network_interface": [],
            "outpost_arn": "",
            "password_data": "",
            "placement_group": "",
            "placement_partition_number": 0,
            "primary_network_interface_id": "eni-0aa61dfc1e9f103b1",
            "private_dns": "ip-172-31-20-7.us-west-1.compute.internal",
            "private_dns_name_options": [
              {
                "enable_resource_name_dns_a_record": false,
                "enable_resource_name_dns_aaaa_record": false,
                "hostname_type": "ip-name"
              }
            ],
            "private_ip": "172.31.20.7",
            "public_dns": "ec2-52-53-127-44.us-west-1.compute.amazonaws.com",
            "public_ip": "52.53.127.44",
            "root_block_device": [
              {
                "delete_on_termination": true,
                "device_name": "/dev/xvda",
                "encrypted": false,
                "iops": 3000,
                "kms_key_id": "",
                "tags": {},
                "tags_all": {},
                "throughput": 125,
                "volume_id": "vol-051d4c531de361ad9",
                "volume_size": 8,
                "volume_type": "gp3"
              }
            ],
            "secondary_private_ips": [],
            "security_groups": [
              "default"
            ],
            "source_dest_check": true,
            "spot_instance_request_id": "",
            "subnet_id": "subnet-07252ed50a14504a5",
            "tags": {
              "Name": "customised"
            },
            "tags_all": {
              "Name": "customised"
            },
            "tenancy": "default",
            "timeouts": null,
            "user_data": null,
            "user_data_base64": null,
            "user_data_replace_on_change": false,
            "volume_tags": null,
            "vpc_security_group_ids": [
              "sg-0043ca844216fea29"
            ]
          },
          "sensitive_attributes": [],
          "private": "eyJlMmJmYjczMC1lY2FhLTExZTYtOGY4OC0zNDM2M2JjN2M0YzAiOnsiY3JlYXRlIjo2MDAwMDAwMDAwMDAsImRlbGV0ZSI6MTIwMDAwMDAwMDAwMCwicmVhZCI6OTAwMDAwMDAwMDAwLCJ1cGRhdGUiOjYwMDAwMDAwMDAwMH0sInNjaGVtYV92ZXJzaW9uIjoiMSJ9",
          "dependencies": [
            "data.aws_availability_zones.avialable"
          ]
        }
      ]
    },
    {
      "mode": "managed",
      "type": "aws_security_group",
      "name": "sg_custom-us-west",
      "provider": "provider[\"registry.terraform.io/hashicorp/aws\"]",
      "instances": [
        {
          "schema_version": 1,
          "attributes": {
            "arn": "arn:aws:ec2:us-west-1:187406554734:security-group/sg-03489fe83772cbbc3",
            "description": "Managed by Terraform",
            "egress": [],
            "id": "sg-03489fe83772cbbc3",
            "ingress": [
              {
                "cidr_blocks": [
                  "100.20.0.0/14",
                  "13.52.0.0/16",
                  "13.56.0.0/16",
                  "13.57.0.0/16",
                  "139.56.16.0/23",
                  "139.56.32.0/23",
                  "15.177.80.0/24",
                  "15.177.81.0/24",
                  "15.181.0.0/20",
                  "15.181.116.0/22",
                  "15.181.128.0/20",
                  "15.181.16.0/20",
                  "15.181.245.0/24",
                  "15.181.248.0/24",
                  "15.181.250.0/24",
                  "15.181.251.0/24",
                  "15.181.252.0/24",
                  "15.181.253.0/24",
                  "15.181.64.0/20",
                  "15.193.7.0/24",
                  "15.220.0.0/20",
                  "15.220.16.0/20",
                  "15.220.200.0/23",
                  "15.220.202.0/23",
                  "15.220.204.0/24",
                  "15.220.205.0/24",
                  "15.220.206.0/24",
                  "15.220.207.0/24",
                  "15.220.208.128/26",
                  "15.220.224.0/23",
                  "15.220.226.0/24",
                  "15.220.252.0/22",
                  "15.220.32.0/21",
                  "15.220.40.0/22",
                  "15.253.0.0/16",
                  "15.254.0.0/16",
                  "151.148.33.0/24",
                  "155.146.112.0/20",
                  "155.146.128.0/20",
                  "155.146.144.0/20",
                  "155.146.16.0/20",
                  "155.146.160.0/20",
                  "16.15.0.0/21",
                  "161.188.32.0/20",
                  "162.222.148.0/22",
                  "168.185.4.0/24",
                  "173.83.204.0/23",
                  "173.83.209.0/24",
                  "18.144.0.0/15",
                  "18.236.0.0/15"
                ],
                "description": "",
                "from_port": 443,
                "ipv6_cidr_blocks": [],
                "prefix_list_ids": [],
                "protocol": "tcp",
                "security_groups": [],
                "self": false,
                "to_port": 443
              }
            ],
            "name": "sg_custom-us-west",
            "name_prefix": "",
            "owner_id": "187406554734",
            "revoke_rules_on_delete": false,
            "tags": {
              "CrateData": "2025-01-16-09-53-09",
              "SyncToken": "1737021189"
            },
            "tags_all": {
              "CrateData": "2025-01-16-09-53-09",
              "SyncToken": "1737021189"
            },
            "timeouts": null,
            "vpc_id": "vpc-0c23f26830e3a2620"
          },
          "sensitive_attributes": [],
          "private": "eyJlMmJmYjczMC1lY2FhLTExZTYtOGY4OC0zNDM2M2JjN2M0YzAiOnsiY3JlYXRlIjo2MDAwMDAwMDAwMDAsImRlbGV0ZSI6OTAwMDAwMDAwMDAwfSwic2NoZW1hX3ZlcnNpb24iOiIxIn0=",
          "dependencies": [
            "data.aws_ip_ranges.us-east-ip-range"
          ]
        }
      ]
    }
  ],
  "check_results": null
}
